
Microsoft Visual Studio Solution File, Format Version 12.00
# Visual Studio 15
VisualStudioVersion = 15.0.27703.2026
MinimumVisualStudioVersion = 10.0.40219.1
Project("{FAE04EC0-301F-11D3-BF4B-00C04F79EFBC}") = "Hangfire4FileStream", "Hangfire4FileStream\Hangfire4FileStream.csproj", "{35DFF7C5-451F-42B7-A037-84901EDEE7C7}"
EndProject
Global
	GlobalSection(SolutionConfigurationPlatforms) = preSolution
		Debug|Any CPU = Debug|Any CPU
		Release|Any CPU = Release|Any CPU
	EndGlobalSection
	GlobalSection(ProjectConfigurationPlatforms) = postSolution
		{35DFF7C5-451F-42B7-A037-84901EDEE7C7}.Debug|Any CPU.ActiveCfg = Debug|Any CPU
		{35DFF7C5-451F-42B7-A037-84901EDEE7C7}.Debug|Any CPU.Build.0 = Debug|Any CPU
		{35DFF7C5-451F-42B7-A037-84901EDEE7C7}.Release|Any CPU.ActiveCfg = Release|Any CPU
		{35DFF7C5-451F-42B7-A037-84901EDEE7C7}.Release|Any CPU.Build.0 = Release|Any CPU
	EndGlobalSection
	GlobalSection(SolutionProperties) = preSolution
		HideSolutionNode = FALSE
	EndGlobalSection
	GlobalSection(ExtensibilityGlobals) = postSolution
		SolutionGuid = {59CE961D-907F-4977-84CF-B9195D2193A2}
	EndGlobalSection
EndGlobal
